{
  "version": 4,
  "terraform_version": "1.10.5",
  "serial": 23,
  "lineage": "e68ac782-6de9-9d92-15c7-3bfa4789665e",
  "outputs": {},
  "resources": [
    {
      "mode": "managed",
      "type": "google_storage_bucket",
      "name": "citation_graph",
      "provider": "provider[\"registry.terraform.io/hashicorp/google\"]",
      "instances": [
        {
          "schema_version": 2,
          "attributes": {
            "autoclass": [],
            "cors": [],
            "custom_placement_config": [],
            "default_event_based_hold": false,
            "effective_labels": {},
            "enable_object_retention": false,
            "encryption": [],
            "force_destroy": true,
            "id": "serverlessfinalproject-citation-graph-bucket",
            "labels": {},
            "lifecycle_rule": [],
            "location": "EUROPE-WEST3",
            "logging": [],
            "name": "serverlessfinalproject-citation-graph-bucket",
            "project": "serverlessfinalproject",
            "project_number": 18356571737,
            "public_access_prevention": "inherited",
            "requester_pays": false,
            "retention_policy": [],
            "rpo": null,
            "self_link": "https://www.googleapis.com/storage/v1/b/serverlessfinalproject-citation-graph-bucket",
            "soft_delete_policy": [
              {
                "effective_time": "2025-02-22T15:54:24.089Z",
                "retention_duration_seconds": 604800
              }
            ],
            "storage_class": "STANDARD",
            "terraform_labels": {},
            "timeouts": null,
            "uniform_bucket_level_access": false,
            "url": "gs://serverlessfinalproject-citation-graph-bucket",
            "versioning": [],
            "website": []
          },
          "sensitive_attributes": [],
          "private": "eyJlMmJmYjczMC1lY2FhLTExZTYtOGY4OC0zNDM2M2JjN2M0YzAiOnsiY3JlYXRlIjo2MDAwMDAwMDAwMDAsInJlYWQiOjI0MDAwMDAwMDAwMCwidXBkYXRlIjoyNDAwMDAwMDAwMDB9LCJzY2hlbWFfdmVyc2lvbiI6IjIifQ=="
        }
      ]
    },
    {
      "mode": "managed",
      "type": "google_storage_bucket",
      "name": "function_bucket",
      "provider": "provider[\"registry.terraform.io/hashicorp/google\"]",
      "instances": [
        {
          "schema_version": 2,
          "attributes": {
            "autoclass": [],
            "cors": [],
            "custom_placement_config": [],
            "default_event_based_hold": false,
            "effective_labels": {},
            "enable_object_retention": false,
            "encryption": [],
            "force_destroy": true,
            "id": "serverlessfinalproject-function-code-bucket",
            "labels": {},
            "lifecycle_rule": [],
            "location": "EUROPE-WEST3",
            "logging": [],
            "name": "serverlessfinalproject-function-code-bucket",
            "project": "serverlessfinalproject",
            "project_number": 18356571737,
            "public_access_prevention": "inherited",
            "requester_pays": false,
            "retention_policy": [],
            "rpo": null,
            "self_link": "https://www.googleapis.com/storage/v1/b/serverlessfinalproject-function-code-bucket",
            "soft_delete_policy": [
              {
                "effective_time": "2025-02-22T15:54:23.034Z",
                "retention_duration_seconds": 604800
              }
            ],
            "storage_class": "STANDARD",
            "terraform_labels": {},
            "timeouts": null,
            "uniform_bucket_level_access": false,
            "url": "gs://serverlessfinalproject-function-code-bucket",
            "versioning": [],
            "website": []
          },
          "sensitive_attributes": [],
          "private": "eyJlMmJmYjczMC1lY2FhLTExZTYtOGY4OC0zNDM2M2JjN2M0YzAiOnsiY3JlYXRlIjo2MDAwMDAwMDAwMDAsInJlYWQiOjI0MDAwMDAwMDAwMCwidXBkYXRlIjoyNDAwMDAwMDAwMDB9LCJzY2hlbWFfdmVyc2lvbiI6IjIifQ=="
        }
      ]
    },
    {
      "mode": "managed",
      "type": "google_storage_bucket",
      "name": "raw_data",
      "provider": "provider[\"registry.terraform.io/hashicorp/google\"]",
      "instances": [
        {
          "schema_version": 2,
          "attributes": {
            "autoclass": [],
            "cors": [],
            "custom_placement_config": [],
            "default_event_based_hold": false,
            "effective_labels": {},
            "enable_object_retention": false,
            "encryption": [],
            "force_destroy": true,
            "id": "serverlessfinalproject-raw-data-bucket",
            "labels": {},
            "lifecycle_rule": [],
            "location": "EUROPE-WEST3",
            "logging": [],
            "name": "serverlessfinalproject-raw-data-bucket",
            "project": "serverlessfinalproject",
            "project_number": 18356571737,
            "public_access_prevention": "inherited",
            "requester_pays": false,
            "retention_policy": [],
            "rpo": null,
            "self_link": "https://www.googleapis.com/storage/v1/b/serverlessfinalproject-raw-data-bucket",
            "soft_delete_policy": [
              {
                "effective_time": "2025-02-22T15:54:24.198Z",
                "retention_duration_seconds": 604800
              }
            ],
            "storage_class": "STANDARD",
            "terraform_labels": {},
            "timeouts": null,
            "uniform_bucket_level_access": false,
            "url": "gs://serverlessfinalproject-raw-data-bucket",
            "versioning": [],
            "website": []
          },
          "sensitive_attributes": [],
          "private": "eyJlMmJmYjczMC1lY2FhLTExZTYtOGY4OC0zNDM2M2JjN2M0YzAiOnsiY3JlYXRlIjo2MDAwMDAwMDAwMDAsInJlYWQiOjI0MDAwMDAwMDAwMCwidXBkYXRlIjoyNDAwMDAwMDAwMDB9LCJzY2hlbWFfdmVyc2lvbiI6IjIifQ=="
        }
      ]
    },
    {
      "mode": "managed",
      "type": "google_storage_bucket",
      "name": "results",
      "provider": "provider[\"registry.terraform.io/hashicorp/google\"]",
      "instances": [
        {
          "schema_version": 2,
          "attributes": {
            "autoclass": [],
            "cors": [],
            "custom_placement_config": [],
            "default_event_based_hold": false,
            "effective_labels": {},
            "enable_object_retention": false,
            "encryption": [],
            "force_destroy": true,
            "id": "serverlessfinalproject-results-bucket",
            "labels": {},
            "lifecycle_rule": [],
            "location": "EUROPE-WEST3",
            "logging": [],
            "name": "serverlessfinalproject-results-bucket",
            "project": "serverlessfinalproject",
            "project_number": 18356571737,
            "public_access_prevention": "inherited",
            "requester_pays": false,
            "retention_policy": [],
            "rpo": null,
            "self_link": "https://www.googleapis.com/storage/v1/b/serverlessfinalproject-results-bucket",
            "soft_delete_policy": [
              {
                "effective_time": "2025-02-22T15:54:23.613Z",
                "retention_duration_seconds": 604800
              }
            ],
            "storage_class": "STANDARD",
            "terraform_labels": {},
            "timeouts": null,
            "uniform_bucket_level_access": false,
            "url": "gs://serverlessfinalproject-results-bucket",
            "versioning": [],
            "website": []
          },
          "sensitive_attributes": [],
          "private": "eyJlMmJmYjczMC1lY2FhLTExZTYtOGY4OC0zNDM2M2JjN2M0YzAiOnsiY3JlYXRlIjo2MDAwMDAwMDAwMDAsInJlYWQiOjI0MDAwMDAwMDAwMCwidXBkYXRlIjoyNDAwMDAwMDAwMDB9LCJzY2hlbWFfdmVyc2lvbiI6IjIifQ=="
        }
      ]
    },
    {
      "mode": "managed",
      "type": "google_workflows_workflow",
      "name": "research_workflow",
      "provider": "provider[\"registry.terraform.io/hashicorp/google\"]",
      "instances": [
        {
          "schema_version": 1,
          "attributes": {
            "call_log_level": "",
            "create_time": "2025-02-22T16:02:12.189783278Z",
            "crypto_key_name": "",
            "description": "",
            "effective_labels": {},
            "id": "projects/serverlessfinalproject/locations/europe-west3/workflows/research-analysis-workflow",
            "labels": null,
            "name": "research-analysis-workflow",
            "name_prefix": null,
            "project": "serverlessfinalproject",
            "region": "europe-west3",
            "revision_id": "000001-792",
            "service_account": "projects/serverlessfinalproject/serviceAccounts/18356571737-compute@developer.gserviceaccount.com",
            "source_contents": "main:\n  steps:\n    - fetch_data:\n        call: http.get\n        args:\n          url: \"https://europe-west3-YOUR_PROJECT_ID.cloudfunctions.net/fetch_data\"\n    - preprocess_data:\n        call: http.get\n        args:\n          url: \"https://europe-west3-YOUR_PROJECT_ID.cloudfunctions.net/preprocess_data\"\n",
            "state": "ACTIVE",
            "terraform_labels": {},
            "timeouts": null,
            "update_time": "2025-02-22T16:02:12.469220753Z",
            "user_env_vars": null
          },
          "sensitive_attributes": [],
          "private": "eyJlMmJmYjczMC1lY2FhLTExZTYtOGY4OC0zNDM2M2JjN2M0YzAiOnsiY3JlYXRlIjoxMjAwMDAwMDAwMDAwLCJkZWxldGUiOjEyMDAwMDAwMDAwMDAsInVwZGF0ZSI6MTIwMDAwMDAwMDAwMH0sInNjaGVtYV92ZXJzaW9uIjoiMSJ9"
        }
      ]
    }
  ],
  "check_results": null
}
